Microsoft Visual Studio Solution File, Format Version 12.00
# Visual Studio 2012
Project("{FAE04EC0-301F-11D3-BF4B-00C04F79EFBC}") = "NEA Prototype 2", "NEA Prototype 2.csproj", "{6BC0C913-8EB1-4699-86F3-27312AC75ECD}"
EndProject
Global
	GlobalSection(SolutionConfigurationPlatforms) = preSolution
	Debug|Any CPU = Debug|Any CPU
	ExportDebug|Any CPU = ExportDebug|Any CPU
	ExportRelease|Any CPU = ExportRelease|Any CPU
	EndGlobalSection
	GlobalSection(ProjectConfigurationPlatforms) = postSolution
		{6BC0C913-8EB1-4699-86F3-27312AC75ECD}.Debug|Any CPU.ActiveCfg = Debug|Any CPU
		{6BC0C913-8EB1-4699-86F3-27312AC75ECD}.Debug|Any CPU.Build.0 = Debug|Any CPU
		{6BC0C913-8EB1-4699-86F3-27312AC75ECD}.ExportDebug|Any CPU.ActiveCfg = ExportDebug|Any CPU
		{6BC0C913-8EB1-4699-86F3-27312AC75ECD}.ExportDebug|Any CPU.Build.0 = ExportDebug|Any CPU
		{6BC0C913-8EB1-4699-86F3-27312AC75ECD}.ExportRelease|Any CPU.ActiveCfg = ExportRelease|Any CPU
		{6BC0C913-8EB1-4699-86F3-27312AC75ECD}.ExportRelease|Any CPU.Build.0 = ExportRelease|Any CPU
	EndGlobalSection
EndGlobal
